
Microsoft Visual Studio Solution File, Format Version 12.00
# Visual Studio Version 17
VisualStudioVersion = 17.5.33530.505
MinimumVisualStudioVersion = 10.0.40219.1
Project("{FAE04EC0-301F-11D3-BF4B-00C04F79EFBC}") = "Large File Scanner", "Large File Scanner.csproj", "{CE3578DD-E601-43FF-976E-86F6501CFCDA}"
EndProject
Global
	GlobalSection(SolutionConfigurationPlatforms) = preSolution
		Debug|Any CPU = Debug|Any CPU
		Release|Any CPU = Release|Any CPU
	EndGlobalSection
	GlobalSection(ProjectConfigurationPlatforms) = postSolution
		{CE3578DD-E601-43FF-976E-86F6501CFCDA}.Debug|Any CPU.ActiveCfg = Debug|Any CPU
		{CE3578DD-E601-43FF-976E-86F6501CFCDA}.Debug|Any CPU.Build.0 = Debug|Any CPU
		{CE3578DD-E601-43FF-976E-86F6501CFCDA}.Release|Any CPU.ActiveCfg = Release|Any CPU
		{CE3578DD-E601-43FF-976E-86F6501CFCDA}.Release|Any CPU.Build.0 = Release|Any CPU
	EndGlobalSection
	GlobalSection(SolutionProperties) = preSolution
		HideSolutionNode = FALSE
	EndGlobalSection
	GlobalSection(ExtensibilityGlobals) = postSolution
		SolutionGuid = {A7202E64-AE98-488B-850E-B9E5CA78ED23}
	EndGlobalSection
EndGlobal
